
Microsoft Visual Studio Solution File, Format Version 12.00
# Visual Studio Version 17
VisualStudioVersion = 17.14.36310.24
MinimumVisualStudioVersion = 10.0.40219.1
Project("{2150E333-8FDC-42A3-9474-1A3956D46DE8}") = "src", "src", "{02EA681E-C7D8-13C7-8484-4AC65E1B71E8}"
EndProject
Project("{2150E333-8FDC-42A3-9474-1A3956D46DE8}") = "Modules", "Modules", "{F1F0B0C9-1C21-46D3-9C4C-2A978DD460BA}"
EndProject
Project("{2150E333-8FDC-42A3-9474-1A3956D46DE8}") = "Shared", "Shared", "{24B1E17E-6470-4DD1-8C5C-79335EC19B5B}"
EndProject
Project("{2150E333-8FDC-42A3-9474-1A3956D46DE8}") = "BuildingBlocks", "BuildingBlocks", "{900C1CF9-A837-4A5F-BA06-1967A78A7FD5}"
EndProject
Project("{2150E333-8FDC-42A3-9474-1A3956D46DE8}") = "Host", "Host", "{DEDD04A1-9A59-4649-9657-81F383945BA3}"
EndProject
Project("{2150E333-8FDC-42A3-9474-1A3956D46DE8}") = "Courses", "Courses", "{2043E255-8F7A-4B32-BCB8-5F8DCED2D5F0}"
EndProject
Project("{2150E333-8FDC-42A3-9474-1A3956D46DE8}") = "Enrollments", "Enrollments", "{0AAF37C6-7545-4DEE-AD87-6DA05F0D1025}"
EndProject
Project("{2150E333-8FDC-42A3-9474-1A3956D46DE8}") = "Users", "Users", "{0A607625-172E-457F-A380-2389C465D9CC}"
EndProject
Project("{2150E333-8FDC-42A3-9474-1A3956D46DE8}") = "Learning", "Learning", "{47D728A4-CF16-408B-B78F-E72E9A22E75C}"
EndProject
Project("{2150E333-8FDC-42A3-9474-1A3956D46DE8}") = "docs", "docs", "{422446BE-DB3A-4387-A520-3CBBF9A0BB3C}"
	ProjectSection(SolutionItems) = preProject
		ProcessReport.md = ProcessReport.md
		ReadMe.Md = ReadMe.Md
	EndProjectSection
EndProject
Project("{2150E333-8FDC-42A3-9474-1A3956D46DE8}") = "AppHost", "AppHost", "{9AE470B1-8610-41E4-8FCC-E271B1D3D657}"
EndProject
Project("{2150E333-8FDC-42A3-9474-1A3956D46DE8}") = "ServiceDefaults", "ServiceDefaults", "{D0E92EF9-A1B8-41D3-97F3-E3A45E91D3B2}"
EndProject
Project("{FAE04EC0-301F-11D3-BF4B-00C04F79EFBC}") = "ELearningIskoop.AppHost", "ELearningIskoop.AppHost\ELearningIskoop.AppHost.csproj", "{93CEC98F-AFE2-419B-B1A0-65E654F7C80E}"
EndProject
Project("{FAE04EC0-301F-11D3-BF4B-00C04F79EFBC}") = "ELeraningIskoop.ServiceDefaults", "ELeraningIskoop.ServiceDefaults\ELeraningIskoop.ServiceDefaults.csproj", "{F46887EB-045E-40C7-9472-2D1E8B0E61D9}"
EndProject
Project("{FAE04EC0-301F-11D3-BF4B-00C04F79EFBC}") = "ELearningIskoop.API", "ELearningIskoop.API\ELearningIskoop.API.csproj", "{52138894-E8C7-1B22-968F-C3BF4FE13A0C}"
EndProject
Project("{FAE04EC0-301F-11D3-BF4B-00C04F79EFBC}") = "ELearningIskoop.BuildingBlocks.Domain", "ELearningIskoop.BuildingBlocks.Domain\ELearningIskoop.BuildingBlocks.Domain.csproj", "{3343CE45-F6FB-48D6-A936-628CB75BD1C6}"
EndProject
Project("{FAE04EC0-301F-11D3-BF4B-00C04F79EFBC}") = "ELearningIskoop.BuildingBlocks.Application", "ELearningIskoop.BuildingBlocks.Application\ELearningIskoop.BuildingBlocks.Application.csproj", "{7AB10231-17B6-4DA3-87D0-987D16E35ADE}"
EndProject
Project("{FAE04EC0-301F-11D3-BF4B-00C04F79EFBC}") = "ELearningIskoop.BuildingBlocks.Infrastructure", "ELearningIskoop.BuildingBlocks.Infrastructure\ELearningIskoop.BuildingBlocks.Infrastructure.csproj", "{4D350C03-4F13-4609-8E9E-182861E4BABC}"
EndProject
Project("{FAE04EC0-301F-11D3-BF4B-00C04F79EFBC}") = "ELearningIskoop.Shared.Domain", "ELearningIskoop.Shared.Domain\ELearningIskoop.Shared.Domain.csproj", "{2B0A6D36-040C-4355-8A1F-98FC8DC50AB1}"
EndProject
Project("{FAE04EC0-301F-11D3-BF4B-00C04F79EFBC}") = "ELearningIskoop.Shared.Application", "ELearningIskoop.Shared.Application\ELearningIskoop.Shared.Application.csproj", "{4DD7BA41-DF36-4633-9FD4-7B7F81D89782}"
EndProject
Project("{FAE04EC0-301F-11D3-BF4B-00C04F79EFBC}") = "ELearningIskoop.Shared.Infrastructure", "ELearningIskoop.Shared.Infrastructure\ELearningIskoop.Shared.Infrastructure.csproj", "{95FB7AB9-E6E8-44D7-9B63-3B54FDA073F2}"
EndProject
Project("{FAE04EC0-301F-11D3-BF4B-00C04F79EFBC}") = "ELearningIskoop.Courses.Domain", "ELearningIskoop.Courses.Domain\ELearningIskoop.Courses.Domain.csproj", "{0215A070-F451-4E75-B61C-D055C8CE1A6C}"
EndProject
Project("{FAE04EC0-301F-11D3-BF4B-00C04F79EFBC}") = "ELearningIskoop.Courses.Application", "ELearningIskoop.Courses.Application\ELearningIskoop.Courses.Application.csproj", "{DFBA999E-B832-439D-8455-6D796E8AA0CA}"
EndProject
Project("{FAE04EC0-301F-11D3-BF4B-00C04F79EFBC}") = "ELearningIskoop.Courses.Infrastructure", "ELearningIskoop.Courses.Infrastructure\ELearningIskoop.Courses.Infrastructure.csproj", "{74189C8D-8948-46E8-BFE9-1F582C76CB98}"
EndProject
Project("{FAE04EC0-301F-11D3-BF4B-00C04F79EFBC}") = "ELearningIskoop.Courses.Presentation", "ELearningIskoop.Courses.Presentation\ELearningIskoop.Courses.Presentation.csproj", "{F10FBAFB-F2F3-461B-BBA8-B72FFF096680}"
EndProject
Project("{FAE04EC0-301F-11D3-BF4B-00C04F79EFBC}") = "ELearningIskoop.Enrollments.Domain", "ELearningIskoop.Enrollments.Domain\ELearningIskoop.Enrollments.Domain.csproj", "{5DA70719-9F58-4DB5-BEA9-159CD0A8A5F2}"
EndProject
Project("{FAE04EC0-301F-11D3-BF4B-00C04F79EFBC}") = "ELearningIskoop.Enrollments.Application", "ELearningIskoop.Enrollments.Application\ELearningIskoop.Enrollments.Application.csproj", "{CA9F43E6-FBA0-4883-B222-C96B21F0EAB1}"
EndProject
Project("{FAE04EC0-301F-11D3-BF4B-00C04F79EFBC}") = "ELearningIskoop.Enrollments.Infrastructure", "ELearningIskoop.Enrollments.Infrastructure\ELearningIskoop.Enrollments.Infrastructure.csproj", "{7A6AC6A2-6D01-488B-AAEF-24B6743358E3}"
EndProject
Project("{FAE04EC0-301F-11D3-BF4B-00C04F79EFBC}") = "ELearningIskoop.Enrollments.Presentation", "ELearningIskoop.Enrollments.Presentation\ELearningIskoop.Enrollments.Presentation.csproj", "{27FDB123-8A53-43D7-9392-217E6339A10A}"
EndProject
Project("{FAE04EC0-301F-11D3-BF4B-00C04F79EFBC}") = "ELearningIskoop.Users.Domain", "ELearningIskoop.Users.Domain\ELearningIskoop.Users.Domain.csproj", "{1308FC72-DF2F-4E4B-BEE7-0370A370DAA3}"
EndProject
Project("{FAE04EC0-301F-11D3-BF4B-00C04F79EFBC}") = "ELearningIskoop.Users.Application", "ELearningIskoop.Users.Application\ELearningIskoop.Users.Application.csproj", "{2A52766E-1767-42B3-B314-CD4AF1B8DD44}"
EndProject
Project("{FAE04EC0-301F-11D3-BF4B-00C04F79EFBC}") = "ELearningIskoop.Users.Infrastructure", "ELearningIskoop.Users.Infrastructure\ELearningIskoop.Users.Infrastructure.csproj", "{A9497872-12DE-492F-B307-92C5E8BD8D36}"
EndProject
Project("{FAE04EC0-301F-11D3-BF4B-00C04F79EFBC}") = "ELearningIskoop.Users.Presentation", "ELearningIskoop.Users.Presentation\ELearningIskoop.Users.Presentation.csproj", "{315E33B8-CEAB-4BC6-81CF-84C24DA0FF80}"
EndProject
Project("{FAE04EC0-301F-11D3-BF4B-00C04F79EFBC}") = "ELearningIskoop.Learning.Domain", "ELearningIskoop.Learning.Domain\ELearningIskoop.Learning.Domain.csproj", "{79051315-1BB8-4BE6-817C-2815D611B05A}"
EndProject
Project("{FAE04EC0-301F-11D3-BF4B-00C04F79EFBC}") = "ELearningIskoop.Learning.Application", "ELearningIskoop.Learning.Application\ELearningIskoop.Learning.Application.csproj", "{F3D72BBD-DD8D-44EA-9941-CF745FED5759}"
EndProject
Project("{FAE04EC0-301F-11D3-BF4B-00C04F79EFBC}") = "ELearningIskoop.Learning.Infrastructure", "ELearningIskoop.Learning.Infrastructure\ELearningIskoop.Learning.Infrastructure.csproj", "{CC59C54C-D984-427D-A188-AC6CBDF35CF4}"
EndProject
Project("{FAE04EC0-301F-11D3-BF4B-00C04F79EFBC}") = "ELearningIskoop.Learning.Presentation", "ELearningIskoop.Learning.Presentation\ELearningIskoop.Learning.Presentation.csproj", "{C0EF3D45-97B5-4B0D-AA25-2B130090742C}"
EndProject
Global
	GlobalSection(SolutionConfigurationPlatforms) = preSolution
		Debug|Any CPU = Debug|Any CPU
		Release|Any CPU = Release|Any CPU
	EndGlobalSection
	GlobalSection(ProjectConfigurationPlatforms) = postSolution
		{93CEC98F-AFE2-419B-B1A0-65E654F7C80E}.Debug|Any CPU.ActiveCfg = Debug|Any CPU
		{93CEC98F-AFE2-419B-B1A0-65E654F7C80E}.Debug|Any CPU.Build.0 = Debug|Any CPU
		{93CEC98F-AFE2-419B-B1A0-65E654F7C80E}.Release|Any CPU.ActiveCfg = Release|Any CPU
		{93CEC98F-AFE2-419B-B1A0-65E654F7C80E}.Release|Any CPU.Build.0 = Release|Any CPU
		{F46887EB-045E-40C7-9472-2D1E8B0E61D9}.Debug|Any CPU.ActiveCfg = Debug|Any CPU
		{F46887EB-045E-40C7-9472-2D1E8B0E61D9}.Debug|Any CPU.Build.0 = Debug|Any CPU
		{F46887EB-045E-40C7-9472-2D1E8B0E61D9}.Release|Any CPU.ActiveCfg = Release|Any CPU
		{F46887EB-045E-40C7-9472-2D1E8B0E61D9}.Release|Any CPU.Build.0 = Release|Any CPU
		{52138894-E8C7-1B22-968F-C3BF4FE13A0C}.Debug|Any CPU.ActiveCfg = Debug|Any CPU
		{52138894-E8C7-1B22-968F-C3BF4FE13A0C}.Debug|Any CPU.Build.0 = Debug|Any CPU
		{52138894-E8C7-1B22-968F-C3BF4FE13A0C}.Release|Any CPU.ActiveCfg = Release|Any CPU
		{52138894-E8C7-1B22-968F-C3BF4FE13A0C}.Release|Any CPU.Build.0 = Release|Any CPU
		{3343CE45-F6FB-48D6-A936-628CB75BD1C6}.Debug|Any CPU.ActiveCfg = Debug|Any CPU
		{3343CE45-F6FB-48D6-A936-628CB75BD1C6}.Debug|Any CPU.Build.0 = Debug|Any CPU
		{3343CE45-F6FB-48D6-A936-628CB75BD1C6}.Release|Any CPU.ActiveCfg = Release|Any CPU
		{3343CE45-F6FB-48D6-A936-628CB75BD1C6}.Release|Any CPU.Build.0 = Release|Any CPU
		{7AB10231-17B6-4DA3-87D0-987D16E35ADE}.Debug|Any CPU.ActiveCfg = Debug|Any CPU
		{7AB10231-17B6-4DA3-87D0-987D16E35ADE}.Debug|Any CPU.Build.0 = Debug|Any CPU
		{7AB10231-17B6-4DA3-87D0-987D16E35ADE}.Release|Any CPU.ActiveCfg = Release|Any CPU
		{7AB10231-17B6-4DA3-87D0-987D16E35ADE}.Release|Any CPU.Build.0 = Release|Any CPU
		{4D350C03-4F13-4609-8E9E-182861E4BABC}.Debug|Any CPU.ActiveCfg = Debug|Any CPU
		{4D350C03-4F13-4609-8E9E-182861E4BABC}.Debug|Any CPU.Build.0 = Debug|Any CPU
		{4D350C03-4F13-4609-8E9E-182861E4BABC}.Release|Any CPU.ActiveCfg = Release|Any CPU
		{4D350C03-4F13-4609-8E9E-182861E4BABC}.Release|Any CPU.Build.0 = Release|Any CPU
		{2B0A6D36-040C-4355-8A1F-98FC8DC50AB1}.Debug|Any CPU.ActiveCfg = Debug|Any CPU
		{2B0A6D36-040C-4355-8A1F-98FC8DC50AB1}.Debug|Any CPU.Build.0 = Debug|Any CPU
		{2B0A6D36-040C-4355-8A1F-98FC8DC50AB1}.Release|Any CPU.ActiveCfg = Release|Any CPU
		{2B0A6D36-040C-4355-8A1F-98FC8DC50AB1}.Release|Any CPU.Build.0 = Release|Any CPU
		{4DD7BA41-DF36-4633-9FD4-7B7F81D89782}.Debug|Any CPU.ActiveCfg = Debug|Any CPU
		{4DD7BA41-DF36-4633-9FD4-7B7F81D89782}.Debug|Any CPU.Build.0 = Debug|Any CPU
		{4DD7BA41-DF36-4633-9FD4-7B7F81D89782}.Release|Any CPU.ActiveCfg = Release|Any CPU
		{4DD7BA41-DF36-4633-9FD4-7B7F81D89782}.Release|Any CPU.Build.0 = Release|Any CPU
		{95FB7AB9-E6E8-44D7-9B63-3B54FDA073F2}.Debug|Any CPU.ActiveCfg = Debug|Any CPU
		{95FB7AB9-E6E8-44D7-9B63-3B54FDA073F2}.Debug|Any CPU.Build.0 = Debug|Any CPU
		{95FB7AB9-E6E8-44D7-9B63-3B54FDA073F2}.Release|Any CPU.ActiveCfg = Release|Any CPU
		{95FB7AB9-E6E8-44D7-9B63-3B54FDA073F2}.Release|Any CPU.Build.0 = Release|Any CPU
		{0215A070-F451-4E75-B61C-D055C8CE1A6C}.Debug|Any CPU.ActiveCfg = Debug|Any CPU
		{0215A070-F451-4E75-B61C-D055C8CE1A6C}.Debug|Any CPU.Build.0 = Debug|Any CPU
		{0215A070-F451-4E75-B61C-D055C8CE1A6C}.Release|Any CPU.ActiveCfg = Release|Any CPU
		{0215A070-F451-4E75-B61C-D055C8CE1A6C}.Release|Any CPU.Build.0 = Release|Any CPU
		{DFBA999E-B832-439D-8455-6D796E8AA0CA}.Debug|Any CPU.ActiveCfg = Debug|Any CPU
		{DFBA999E-B832-439D-8455-6D796E8AA0CA}.Debug|Any CPU.Build.0 = Debug|Any CPU
		{DFBA999E-B832-439D-8455-6D796E8AA0CA}.Release|Any CPU.ActiveCfg = Release|Any CPU
		{DFBA999E-B832-439D-8455-6D796E8AA0CA}.Release|Any CPU.Build.0 = Release|Any CPU
		{74189C8D-8948-46E8-BFE9-1F582C76CB98}.Debug|Any CPU.ActiveCfg = Debug|Any CPU
		{74189C8D-8948-46E8-BFE9-1F582C76CB98}.Debug|Any CPU.Build.0 = Debug|Any CPU
		{74189C8D-8948-46E8-BFE9-1F582C76CB98}.Release|Any CPU.ActiveCfg = Release|Any CPU
		{74189C8D-8948-46E8-BFE9-1F582C76CB98}.Release|Any CPU.Build.0 = Release|Any CPU
		{F10FBAFB-F2F3-461B-BBA8-B72FFF096680}.Debug|Any CPU.ActiveCfg = Debug|Any CPU
		{F10FBAFB-F2F3-461B-BBA8-B72FFF096680}.Debug|Any CPU.Build.0 = Debug|Any CPU
		{F10FBAFB-F2F3-461B-BBA8-B72FFF096680}.Release|Any CPU.ActiveCfg = Release|Any CPU
		{F10FBAFB-F2F3-461B-BBA8-B72FFF096680}.Release|Any CPU.Build.0 = Release|Any CPU
		{5DA70719-9F58-4DB5-BEA9-159CD0A8A5F2}.Debug|Any CPU.ActiveCfg = Debug|Any CPU
		{5DA70719-9F58-4DB5-BEA9-159CD0A8A5F2}.Debug|Any CPU.Build.0 = Debug|Any CPU
		{5DA70719-9F58-4DB5-BEA9-159CD0A8A5F2}.Release|Any CPU.ActiveCfg = Release|Any CPU
		{5DA70719-9F58-4DB5-BEA9-159CD0A8A5F2}.Release|Any CPU.Build.0 = Release|Any CPU
		{CA9F43E6-FBA0-4883-B222-C96B21F0EAB1}.Debug|Any CPU.ActiveCfg = Debug|Any CPU
		{CA9F43E6-FBA0-4883-B222-C96B21F0EAB1}.Debug|Any CPU.Build.0 = Debug|Any CPU
		{CA9F43E6-FBA0-4883-B222-C96B21F0EAB1}.Release|Any CPU.ActiveCfg = Release|Any CPU
		{CA9F43E6-FBA0-4883-B222-C96B21F0EAB1}.Release|Any CPU.Build.0 = Release|Any CPU
		{7A6AC6A2-6D01-488B-AAEF-24B6743358E3}.Debug|Any CPU.ActiveCfg = Debug|Any CPU
		{7A6AC6A2-6D01-488B-AAEF-24B6743358E3}.Debug|Any CPU.Build.0 = Debug|Any CPU
		{7A6AC6A2-6D01-488B-AAEF-24B6743358E3}.Release|Any CPU.ActiveCfg = Release|Any CPU
		{7A6AC6A2-6D01-488B-AAEF-24B6743358E3}.Release|Any CPU.Build.0 = Release|Any CPU
		{27FDB123-8A53-43D7-9392-217E6339A10A}.Debug|Any CPU.ActiveCfg = Debug|Any CPU
		{27FDB123-8A53-43D7-9392-217E6339A10A}.Debug|Any CPU.Build.0 = Debug|Any CPU
		{27FDB123-8A53-43D7-9392-217E6339A10A}.Release|Any CPU.ActiveCfg = Release|Any CPU
		{27FDB123-8A53-43D7-9392-217E6339A10A}.Release|Any CPU.Build.0 = Release|Any CPU
		{1308FC72-DF2F-4E4B-BEE7-0370A370DAA3}.Debug|Any CPU.ActiveCfg = Debug|Any CPU
		{1308FC72-DF2F-4E4B-BEE7-0370A370DAA3}.Debug|Any CPU.Build.0 = Debug|Any CPU
		{1308FC72-DF2F-4E4B-BEE7-0370A370DAA3}.Release|Any CPU.ActiveCfg = Release|Any CPU
		{1308FC72-DF2F-4E4B-BEE7-0370A370DAA3}.Release|Any CPU.Build.0 = Release|Any CPU
		{2A52766E-1767-42B3-B314-CD4AF1B8DD44}.Debug|Any CPU.ActiveCfg = Debug|Any CPU
		{2A52766E-1767-42B3-B314-CD4AF1B8DD44}.Debug|Any CPU.Build.0 = Debug|Any CPU
		{2A52766E-1767-42B3-B314-CD4AF1B8DD44}.Release|Any CPU.ActiveCfg = Release|Any CPU
		{2A52766E-1767-42B3-B314-CD4AF1B8DD44}.Release|Any CPU.Build.0 = Release|Any CPU
		{A9497872-12DE-492F-B307-92C5E8BD8D36}.Debug|Any CPU.ActiveCfg = Debug|Any CPU
		{A9497872-12DE-492F-B307-92C5E8BD8D36}.Debug|Any CPU.Build.0 = Debug|Any CPU
		{A9497872-12DE-492F-B307-92C5E8BD8D36}.Release|Any CPU.ActiveCfg = Release|Any CPU
		{A9497872-12DE-492F-B307-92C5E8BD8D36}.Release|Any CPU.Build.0 = Release|Any CPU
		{315E33B8-CEAB-4BC6-81CF-84C24DA0FF80}.Debug|Any CPU.ActiveCfg = Debug|Any CPU
		{315E33B8-CEAB-4BC6-81CF-84C24DA0FF80}.Debug|Any CPU.Build.0 = Debug|Any CPU
		{315E33B8-CEAB-4BC6-81CF-84C24DA0FF80}.Release|Any CPU.ActiveCfg = Release|Any CPU
		{315E33B8-CEAB-4BC6-81CF-84C24DA0FF80}.Release|Any CPU.Build.0 = Release|Any CPU
		{79051315-1BB8-4BE6-817C-2815D611B05A}.Debug|Any CPU.ActiveCfg = Debug|Any CPU
		{79051315-1BB8-4BE6-817C-2815D611B05A}.Debug|Any CPU.Build.0 = Debug|Any CPU
		{79051315-1BB8-4BE6-817C-2815D611B05A}.Release|Any CPU.ActiveCfg = Release|Any CPU
		{79051315-1BB8-4BE6-817C-2815D611B05A}.Release|Any CPU.Build.0 = Release|Any CPU
		{F3D72BBD-DD8D-44EA-9941-CF745FED5759}.Debug|Any CPU.ActiveCfg = Debug|Any CPU
		{F3D72BBD-DD8D-44EA-9941-CF745FED5759}.Debug|Any CPU.Build.0 = Debug|Any CPU
		{F3D72BBD-DD8D-44EA-9941-CF745FED5759}.Release|Any CPU.ActiveCfg = Release|Any CPU
		{F3D72BBD-DD8D-44EA-9941-CF745FED5759}.Release|Any CPU.Build.0 = Release|Any CPU
		{CC59C54C-D984-427D-A188-AC6CBDF35CF4}.Debug|Any CPU.ActiveCfg = Debug|Any CPU
		{CC59C54C-D984-427D-A188-AC6CBDF35CF4}.Debug|Any CPU.Build.0 = Debug|Any CPU
		{CC59C54C-D984-427D-A188-AC6CBDF35CF4}.Release|Any CPU.ActiveCfg = Release|Any CPU
		{CC59C54C-D984-427D-A188-AC6CBDF35CF4}.Release|Any CPU.Build.0 = Release|Any CPU
		{C0EF3D45-97B5-4B0D-AA25-2B130090742C}.Debug|Any CPU.ActiveCfg = Debug|Any CPU
		{C0EF3D45-97B5-4B0D-AA25-2B130090742C}.Debug|Any CPU.Build.0 = Debug|Any CPU
		{C0EF3D45-97B5-4B0D-AA25-2B130090742C}.Release|Any CPU.ActiveCfg = Release|Any CPU
		{C0EF3D45-97B5-4B0D-AA25-2B130090742C}.Release|Any CPU.Build.0 = Release|Any CPU
	EndGlobalSection
	GlobalSection(SolutionProperties) = preSolution
		HideSolutionNode = FALSE
	EndGlobalSection
	GlobalSection(NestedProjects) = preSolution
		{F1F0B0C9-1C21-46D3-9C4C-2A978DD460BA} = {02EA681E-C7D8-13C7-8484-4AC65E1B71E8}
		{24B1E17E-6470-4DD1-8C5C-79335EC19B5B} = {02EA681E-C7D8-13C7-8484-4AC65E1B71E8}
		{900C1CF9-A837-4A5F-BA06-1967A78A7FD5} = {02EA681E-C7D8-13C7-8484-4AC65E1B71E8}
		{DEDD04A1-9A59-4649-9657-81F383945BA3} = {02EA681E-C7D8-13C7-8484-4AC65E1B71E8}
		{2043E255-8F7A-4B32-BCB8-5F8DCED2D5F0} = {F1F0B0C9-1C21-46D3-9C4C-2A978DD460BA}
		{0AAF37C6-7545-4DEE-AD87-6DA05F0D1025} = {F1F0B0C9-1C21-46D3-9C4C-2A978DD460BA}
		{0A607625-172E-457F-A380-2389C465D9CC} = {F1F0B0C9-1C21-46D3-9C4C-2A978DD460BA}
		{47D728A4-CF16-408B-B78F-E72E9A22E75C} = {F1F0B0C9-1C21-46D3-9C4C-2A978DD460BA}
		{9AE470B1-8610-41E4-8FCC-E271B1D3D657} = {02EA681E-C7D8-13C7-8484-4AC65E1B71E8}
		{D0E92EF9-A1B8-41D3-97F3-E3A45E91D3B2} = {02EA681E-C7D8-13C7-8484-4AC65E1B71E8}
		{93CEC98F-AFE2-419B-B1A0-65E654F7C80E} = {9AE470B1-8610-41E4-8FCC-E271B1D3D657}
		{F46887EB-045E-40C7-9472-2D1E8B0E61D9} = {D0E92EF9-A1B8-41D3-97F3-E3A45E91D3B2}
		{52138894-E8C7-1B22-968F-C3BF4FE13A0C} = {DEDD04A1-9A59-4649-9657-81F383945BA3}
		{3343CE45-F6FB-48D6-A936-628CB75BD1C6} = {900C1CF9-A837-4A5F-BA06-1967A78A7FD5}
		{7AB10231-17B6-4DA3-87D0-987D16E35ADE} = {900C1CF9-A837-4A5F-BA06-1967A78A7FD5}
		{4D350C03-4F13-4609-8E9E-182861E4BABC} = {900C1CF9-A837-4A5F-BA06-1967A78A7FD5}
		{2B0A6D36-040C-4355-8A1F-98FC8DC50AB1} = {24B1E17E-6470-4DD1-8C5C-79335EC19B5B}
		{4DD7BA41-DF36-4633-9FD4-7B7F81D89782} = {24B1E17E-6470-4DD1-8C5C-79335EC19B5B}
		{95FB7AB9-E6E8-44D7-9B63-3B54FDA073F2} = {24B1E17E-6470-4DD1-8C5C-79335EC19B5B}
		{0215A070-F451-4E75-B61C-D055C8CE1A6C} = {2043E255-8F7A-4B32-BCB8-5F8DCED2D5F0}
		{DFBA999E-B832-439D-8455-6D796E8AA0CA} = {2043E255-8F7A-4B32-BCB8-5F8DCED2D5F0}
		{74189C8D-8948-46E8-BFE9-1F582C76CB98} = {2043E255-8F7A-4B32-BCB8-5F8DCED2D5F0}
		{F10FBAFB-F2F3-461B-BBA8-B72FFF096680} = {2043E255-8F7A-4B32-BCB8-5F8DCED2D5F0}
		{5DA70719-9F58-4DB5-BEA9-159CD0A8A5F2} = {0AAF37C6-7545-4DEE-AD87-6DA05F0D1025}
		{CA9F43E6-FBA0-4883-B222-C96B21F0EAB1} = {0AAF37C6-7545-4DEE-AD87-6DA05F0D1025}
		{7A6AC6A2-6D01-488B-AAEF-24B6743358E3} = {0AAF37C6-7545-4DEE-AD87-6DA05F0D1025}
		{27FDB123-8A53-43D7-9392-217E6339A10A} = {0AAF37C6-7545-4DEE-AD87-6DA05F0D1025}
		{1308FC72-DF2F-4E4B-BEE7-0370A370DAA3} = {0A607625-172E-457F-A380-2389C465D9CC}
		{2A52766E-1767-42B3-B314-CD4AF1B8DD44} = {0A607625-172E-457F-A380-2389C465D9CC}
		{A9497872-12DE-492F-B307-92C5E8BD8D36} = {0A607625-172E-457F-A380-2389C465D9CC}
		{315E33B8-CEAB-4BC6-81CF-84C24DA0FF80} = {0A607625-172E-457F-A380-2389C465D9CC}
		{79051315-1BB8-4BE6-817C-2815D611B05A} = {47D728A4-CF16-408B-B78F-E72E9A22E75C}
		{F3D72BBD-DD8D-44EA-9941-CF745FED5759} = {47D728A4-CF16-408B-B78F-E72E9A22E75C}
		{CC59C54C-D984-427D-A188-AC6CBDF35CF4} = {47D728A4-CF16-408B-B78F-E72E9A22E75C}
		{C0EF3D45-97B5-4B0D-AA25-2B130090742C} = {47D728A4-CF16-408B-B78F-E72E9A22E75C}
	EndGlobalSection
	GlobalSection(ExtensibilityGlobals) = postSolution
		SolutionGuid = {7A2888CD-B959-48BB-A06E-CFA68CC2BAF9}
	EndGlobalSection
EndGlobal
